// !$*UTF8*$!
{
	archiveVersion = 1;
	classes = {
	};
	objectVersion = 46;
	objects = {

/* Begin PBXBuildFile section */
		8D222A2D1CCCCBC800EE0B32 /* main.m in Sources */ = {isa = PBXBuildFile; fileRef = 8D222A2C1CCCCBC800EE0B32 /* main.m */; };
		8D222A301CCCCBC800EE0B32 /* AppDelegate.m in Sources */ = {isa = PBXBuildFile; fileRef = 8D222A2F1CCCCBC800EE0B32 /* AppDelegate.m */; };
		8D222A331CCCCBC800EE0B32 /* ViewController.m in Sources */ = {isa = PBXBuildFile; fileRef = 8D222A321CCCCBC800EE0B32 /* ViewController.m */; };
		8D222A361CCCCBC800EE0B32 /* Main.storyboard in Resources */ = {isa = PBXBuildFile; fileRef = 8D222A341CCCCBC800EE0B32 /* Main.storyboard */; };
		8D222A381CCCCBC800EE0B32 /* Images.xcassets in Resources */ = {isa = PBXBuildFile; fileRef = 8D222A371CCCCBC800EE0B32 /* Images.xcassets */; };
		8D222A3B1CCCCBC800EE0B32 /* LaunchScreen.xib in Resources */ = {isa = PBXBuildFile; fileRef = 8D222A391CCCCBC800EE0B32 /* LaunchScreen.xib */; };
		8D222A471CCCCBC800EE0B32 /* SearchTestTests.m in Sources */ = {isa = PBXBuildFile; fileRef = 8D222A461CCCCBC800EE0B32 /* SearchTestTests.m */; };
/* End PBXBuildFile section */

/* Begin PBXContainerItemProxy section */
		8D222A411CCCCBC800EE0B32 /* PBXContainerItemProxy */ = {
			isa = PBXContainerItemProxy;
			containerPortal = 8D222A1F1CCCCBC700EE0B32 /* Project object */;
			proxyType = 1;
			remoteGlobalIDString = 8D222A261CCCCBC700EE0B32;
			remoteInfo = SearchTest;
		};
/* End PBXContainerItemProxy section */

/* Begin PBXFileReference section */
		8D222A271CCCCBC800EE0B32 /* SearchTest.app */ = {isa = PBXFileReference; explicitFileType = wrapper.application; includeInIndex = 0; path = SearchTest.app; sourceTree = BUILT_PRODUCTS_DIR; };
		8D222A2B1CCCCBC800EE0B32 /* Info.plist */ = {isa = PBXFileReference; lastKnownFileType = text.plist.xml; path = Info.plist; sourceTree = "<group>"; };
		8D222A2C1CCCCBC800EE0B32 /* main.m */ = {isa = PBXFileReference; lastKnownFileType = sourcecode.c.objc; path = main.m; sourceTree = "<group>"; };
		8D222A2E1CCCCBC800EE0B32 /* AppDelegate.h */ = {isa = PBXFileReference; lastKnownFileType = sourcecode.c.h; path = AppDelegate.h; sourceTree = "<group>"; };
		8D222A2F1CCCCBC800EE0B32 /* AppDelegate.m */ = {isa = PBXFileReference; lastKnownFileType = sourcecode.c.objc; path = AppDelegate.m; sourceTree = "<group>"; };
		8D222A311CCCCBC800EE0B32 /* ViewController.h */ = {isa = PBXFileReference; lastKnownFileType = sourcecode.c.h; path = ViewController.h; sourceTree = "<group>"; };
		8D222A321CCCCBC800EE0B32 /* ViewController.m */ = {isa = PBXFileReference; lastKnownFileType = sourcecode.c.objc; path = ViewController.m; sourceTree = "<group>"; };
		8D222A351CCCCBC800EE0B32 /* Base */ = {isa = PBXFileReference; lastKnownFileType = file.storyboard; name = Base; path = Base.lproj/Main.storyboard; sourceTree = "<group>"; };
		8D222A371CCCCBC800EE0B32 /* Images.xcassets */ = {isa = PBXFileReference; lastKnownFileType = folder.assetcatalog; path = Images.xcassets; sourceTree = "<group>"; };
		8D222A3A1CCCCBC800EE0B32 /* Base */ = {isa = PBXFileReference; lastKnownFileType = file.xib; name = Base; path = Base.lproj/LaunchScreen.xib; sourceTree = "<group>"; };
		8D222A401CCCCBC800EE0B32 /* SearchTestTests.xctest */ = {isa = PBXFileReference; explicitFileType = wrapper.cfbundle; includeInIndex = 0; path = SearchTestTests.xctest; sourceTree = BUILT_PRODUCTS_DIR; };
		8D222A451CCCCBC800EE0B32 /* Info.plist */ = {isa = PBXFileReference; lastKnownFileType = text.plist.xml; path = Info.plist; sourceTree = "<group>"; };
		8D222A461CCCCBC800EE0B32 /* SearchTestTests.m */ = {isa = PBXFileReference; lastKnownFileType = sourcecode.c.objc; path = SearchTestTests.m; sourceTree = "<group>"; };
/* End PBXFileReference section */

/* Begin PBXFrameworksBuildPhase section */
		8D222A241CCCCBC700EE0B32 /* Frameworks */ = {
			isa = PBXFrameworksBuildPhase;
			buildActionMask = 2147483647;
			files = (
			);
			runOnlyForDeploymentPostprocessing = 0;
		};
		8D222A3D1CCCCBC800EE0B32 /* Frameworks */ = {
			isa = PBXFrameworksBuildPhase;
			buildActionMask = 2147483647;
			files = (
			);
			runOnlyForDeploymentPostprocessing = 0;
		};
/* End PBXFrameworksBuildPhase section */

/* Begin PBXGroup section */
		8D222A1E1CCCCBC700EE0B32 = {
			isa = PBXGroup;
			children = (
				8D222A291CCCCBC800EE0B32 /* SearchTest */,
				8D222A431CCCCBC800EE0B32 /* SearchTestTests */,
				8D222A281CCCCBC800EE0B32 /* Products */,
			);
			sourceTree = "<group>";
		};
		8D222A281CCCCBC800EE0B32 /* Products */ = {
			isa = PBXGroup;
			children = (
				8D222A271CCCCBC800EE0B32 /* SearchTest.app */,
				8D222A401CCCCBC800EE0B32 /* SearchTestTests.xctest */,
			);
			name = Products;
			sourceTree = "<group>";
		};
		8D222A291CCCCBC800EE0B32 /* SearchTest */ = {
			isa = PBXGroup;
			children = (
				8D222A2E1CCCCBC800EE0B32 /* AppDelegate.h */,
				8D222A2F1CCCCBC800EE0B32 /* AppDelegate.m */,
				8D222A311CCCCBC800EE0B32 /* ViewController.h */,
				8D222A321CCCCBC800EE0B32 /* ViewController.m */,
				8D222A341CCCCBC800EE0B32 /* Main.storyboard */,
				8D222A371CCCCBC800EE0B32 /* Images.xcassets */,
				8D222A391CCCCBC800EE0B32 /* LaunchScreen.xib */,
				8D222A2A1CCCCBC800EE0B32 /* Supporting Files */,
			);
			path = SearchTest;
			sourceTree = "<group>";
		};
		8D222A2A1CCCCBC800EE0B32 /* Supporting Files */ = {
			isa = PBXGroup;
			children = (
				8D222A2B1CCCCBC800EE0B32 /* Info.plist */,
				8D222A2C1CCCCBC800EE0B32 /* main.m */,
			);
			name = "Supporting Files";
			sourceTree = "<group>";
		};
		8D222A431CCCCBC800EE0B32 /* SearchTestTests */ = {
			isa = PBXGroup;
			children = (
				8D222A461CCCCBC800EE0B32 /* SearchTestTests.m */,
				8D222A441CCCCBC800EE0B32 /* Supporting Files */,
			);
			path = SearchTestTests;
			sourceTree = "<group>";
		};
		8D222A441CCCCBC800EE0B32 /* Supporting Files */ = {
			isa = PBXGroup;
			children = (
				8D222A451CCCCBC800EE0B32 /* Info.plist */,
			);
			name = "Supporting Files";
			sourceTree = "<group>";
		};
/* End PBXGroup section */

/* Begin PBXNativeTarget section */
		8D222A261CCCCBC700EE0B32 /* SearchTest */ = {
			isa = PBXNativeTarget;
			buildConfigurationList = 8D222A4A1CCCCBC800EE0B32 /* Build configuration list for PBXNativeTarget "SearchTest" */;
			buildPhases = (
				8D222A231CCCCBC700EE0B32 /* Sources */,
				8D222A241CCCCBC700EE0B32 /* Frameworks */,
				8D222A251CCCCBC700EE0B32 /* Resources */,
			);
			buildRules = (
			);
			dependencies = (
			);
			name = SearchTest;
			productName = SearchTest;
			productReference = 8D222A271CCCCBC800EE0B32 /* SearchTest.app */;
			productType = "com.apple.product-type.application";
		};
		8D222A3F1CCCCBC800EE0B32 /* SearchTestTests */ = {
			isa = PBXNativeTarget;
			buildConfigurationList = 8D222A4D1CCCCBC800EE0B32 /* Build configuration list for PBXNativeTarget "SearchTestTests" */;
			buildPhases = (
				8D222A3C1CCCCBC800EE0B32 /* Sources */,
				8D222A3D1CCCCBC800EE0B32 /* Frameworks */,
				8D222A3E1CCCCBC800EE0B32 /* Resources */,
			);
			buildRules = (
			);
			dependencies = (
				8D222A421CCCCBC800EE0B32 /* PBXTargetDependency */,
			);
			name = SearchTestTests;
			productName = SearchTestTests;
			productReference = 8D222A401CCCCBC800EE0B32 /* SearchTestTests.xctest */;
			productType = "com.apple.product-type.bundle.unit-test";
		};
/* End PBXNativeTarget section */

/* Begin PBXProject section */
		8D222A1F1CCCCBC700EE0B32 /* Project object */ = {
			isa = PBXProject;
			attributes = {
				LastUpgradeCheck = 0620;
				ORGANIZATIONNAME = sublio;
				TargetAttributes = {
					8D222A261CCCCBC700EE0B32 = {
						CreatedOnToolsVersion = 6.2;
					};
					8D222A3F1CCCCBC800EE0B32 = {
						CreatedOnToolsVersion = 6.2;
						TestTargetID = 8D222A261CCCCBC700EE0B32;
					};
				};
			};
			buildConfigurationList = 8D222A221CCCCBC700EE0B32 /* Build configuration list for PBXProject "SearchTest" */;
			compatibilityVersion = "Xcode 3.2";
			developmentRegion = English;
			hasScannedForEncodings = 0;
			knownRegions = (
				en,
				Base,
			);
			mainGroup = 8D222A1E1CCCCBC700EE0B32;
			productRefGroup = 8D222A281CCCCBC800EE0B32 /* Products */;
			projectDirPath = "";
			projectRoot = "";
			targets = (
				8D222A261CCCCBC700EE0B32 /* SearchTest */,
				8D222A3F1CCCCBC800EE0B32 /* SearchTestTests */,
			);
		};
/* End PBXProject section */

/* Begin PBXResourcesBuildPhase section */
		8D222A251CCCCBC700EE0B32 /* Resources */ = {
			isa = PBXResourcesBuildPhase;
			buildActionMask = 2147483647;
			files = (
				8D222A361CCCCBC800EE0B32 /* Main.storyboard in Resources */,
				8D222A3B1CCCCBC800EE0B32 /* LaunchScreen.xib in Resources */,
				8D222A381CCCCBC800EE0B32 /* Images.xcassets in Resources */,
			);
			runOnlyForDeploymentPostprocessing = 0;
		};
		8D222A3E1CCCCBC800EE0B32 /* Resources */ = {
			isa = PBXResourcesBuildPhase;
			buildActionMask = 2147483647;
			files = (
			);
			runOnlyForDeploymentPostprocessing = 0;
		};
/* End PBXResourcesBuildPhase section */

/* Begin PBXSourcesBuildPhase section */
		8D222A231CCCCBC700EE0B32 /* Sources */ = {
			isa = PBXSourcesBuildPhase;
			buildActionMask = 2147483647;
			files = (
				8D222A331CCCCBC800EE0B32 /* ViewController.m in Sources */,
				8D222A301CCCCBC800EE0B32 /* AppDelegate.m in Sources */,
				8D222A2D1CCCCBC800EE0B32 /* main.m in Sources */,
			);
			runOnlyForDeploymentPostprocessing = 0;
		};
		8D222A3C1CCCCBC800EE0B32 /* Sources */ = {
			isa = PBXSourcesBuildPhase;
			buildActionMask = 2147483647;
			files = (
				8D222A471CCCCBC800EE0B32 /* SearchTestTests.m in Sources */,
			);
			runOnlyForDeploymentPostprocessing = 0;
		};
/* End PBXSourcesBuildPhase section */

/* Begin PBXTargetDependency section */
		8D222A421CCCCBC800EE0B32 /* PBXTargetDependency */ = {
			isa = PBXTargetDependency;
			target = 8D222A261CCCCBC700EE0B32 /* SearchTest */;
			targetProxy = 8D222A411CCCCBC800EE0B32 /* PBXContainerItemProxy */;
		};
/* End PBXTargetDependency section */

/* Begin PBXVariantGroup section */
		8D222A341CCCCBC800EE0B32 /* Main.storyboard */ = {
			isa = PBXVariantGroup;
			children = (
				8D222A351CCCCBC800EE0B32 /* Base */,
			);
			name = Main.storyboard;
			sourceTree = "<group>";
		};
		8D222A391CCCCBC800EE0B32 /* LaunchScreen.xib */ = {
			isa = PBXVariantGroup;
			children = (
				8D222A3A1CCCCBC800EE0B32 /* Base */,
			);
			name = LaunchScreen.xib;
			sourceTree = "<group>";
		};
/* End PBXVariantGroup section */

/* Begin XCBuildConfiguration section */
		8D222A481CCCCBC800EE0B32 /* Debug */ = {
			isa = XCBuildConfiguration;
			buildSettings = {
				ALWAYS_SEARCH_USER_PATHS = NO;
				CLANG_CXX_LANGUAGE_STANDARD = "gnu++0x";
				CLANG_CXX_LIBRARY = "libc++";
				CLANG_ENABLE_MODULES = YES;
				CLANG_ENABLE_OBJC_ARC = YES;
				CLANG_WARN_BOOL_CONVERSION = YES;
				CLANG_WARN_CONSTANT_CONVERSION = YES;
				CLANG_WARN_DIRECT_OBJC_ISA_USAGE = YES_ERROR;
				CLANG_WARN_EMPTY_BODY = YES;
				CLANG_WARN_ENUM_CONVERSION = YES;
				CLANG_WARN_INT_CONVERSION = YES;
				CLANG_WARN_OBJC_ROOT_CLASS = YES_ERROR;
				CLANG_WARN_UNREACHABLE_CODE = YES;
				CLANG_WARN__DUPLICATE_METHOD_MATCH = YES;
				"CODE_SIGN_IDENTITY[sdk=iphoneos*]" = "iPhone Developer";
				COPY_PHASE_STRIP = NO;
				ENABLE_STRICT_OBJC_MSGSEND = YES;
				GCC_C_LANGUAGE_STANDARD = gnu99;
				GCC_DYNAMIC_NO_PIC = NO;
				GCC_OPTIMIZATION_LEVEL = 0;
				GCC_PREPROCESSOR_DEFINITIONS = (
					"DEBUG=1",
					"$(inherited)",
				);
				GCC_SYMBOLS_PRIVATE_EXTERN = NO;
				GCC_WARN_64_TO_32_BIT_CONVERSION = YES;
				GCC_WARN_ABOUT_RETURN_TYPE = YES_ERROR;
				GCC_WARN_UNDECLARED_SELECTOR = YES;
				GCC_WARN_UNINITIALIZED_AUTOS = YES_AGGRESSIVE;
				GCC_WARN_UNUSED_FUNCTION = YES;
				GCC_WARN_UNUSED_VARIABLE = YES;
				IPHONEOS_DEPLOYMENT_TARGET = 8.2;
				MTL_ENABLE_DEBUG_INFO = YES;
				ONLY_ACTIVE_ARCH = YES;
				SDKROOT = iphoneos;
			};
			name = Debug;
		};
		8D222A491CCCCBC800EE0B32 /* Release */ = {
			isa = XCBuildConfiguration;
			buildSettings = {
				ALWAYS_SEARCH_USER_PATHS = NO;
				CLANG_CXX_LANGUAGE_STANDARD = "gnu++0x";
				CLANG_CXX_LIBRARY = "libc++";
				CLANG_ENABLE_MODULES = YES;
				CLANG_ENABLE_OBJC_ARC = YES;
				CLANG_WARN_BOOL_CONVERSION = YES;
				CLANG_WARN_CONSTANT_CONVERSION = YES;
				CLANG_WARN_DIRECT_OBJC_ISA_USAGE = YES_ERROR;
				CLANG_WARN_EMPTY_BODY = YES;
				CLANG_WARN_ENUM_CONVERSION = YES;
				CLANG_WARN_INT_CONVERSION = YES;
				CLANG_WARN_OBJC_ROOT_CLASS = YES_ERROR;
				CLANG_WARN_UNREACHABLE_CODE = YES;
				CLANG_WARN__DUPLICATE_METHOD_MATCH = YES;
				"CODE_SIGN_IDENTITY[sdk=iphoneos*]" = "iPhone Developer";
				COPY_PHASE_STRIP = NO;
				ENABLE_NS_ASSERTIONS = NO;
				ENABLE_STRICT_OBJC_MSGSEND = YES;
				GCC_C_LANGUAGE_STANDARD = gnu99;
				GCC_WARN_64_TO_32_BIT_CONVERSION = YES;
				GCC_WARN_ABOUT_RETURN_TYPE = YES_ERROR;
				GCC_WARN_UNDECLARED_SELECTOR = YES;
				GCC_WARN_UNINITIALIZED_AUTOS = YES_AGGRESSIVE;
				GCC_WARN_UNUSED_FUNCTION = YES;
				GCC_WARN_UNUSED_VARIABLE = YES;
				IPHONEOS_DEPLOYMENT_TARGET = 8.2;
				MTL_ENABLE_DEBUG_INFO = NO;
				SDKROOT = iphoneos;
				VALIDATE_PRODUCT = YES;
			};
			name = Release;
		};
		8D222A4B1CCCCBC800EE0B32 /* Debug */ = {
			isa = XCBuildConfiguration;
			buildSettings = {
				ASSETCATALOG_COMPILER_APPICON_NAME = AppIcon;
				INFOPLIST_FILE = SearchTest/Info.plist;
				LD_RUNPATH_SEARCH_PATHS = "$(inherited) @executable_path/Frameworks";
				PRODUCT_NAME = "$(TARGET_NAME)";
			};
			name = Debug;
		};
		8D222A4C1CCCCBC800EE0B32 /* Release */ = {
			isa = XCBuildConfiguration;
			buildSettings = {
				ASSETCATALOG_COMPILER_APPICON_NAME = AppIcon;
				INFOPLIST_FILE = SearchTest/Info.plist;
				LD_RUNPATH_SEARCH_PATHS = "$(inherited) @executable_path/Frameworks";
				PRODUCT_NAME = "$(TARGET_NAME)";
			};
			name = Release;
		};
		8D222A4E1CCCCBC800EE0B32 /* Debug */ = {
			isa = XCBuildConfiguration;
			buildSettings = {
				BUNDLE_LOADER = "$(TEST_HOST)";
				FRAMEWORK_SEARCH_PATHS = (
					"$(SDKROOT)/Developer/Library/Frameworks",
					"$(inherited)",
				);
				GCC_PREPROCESSOR_DEFINITIONS = (
					"DEBUG=1",
					"$(inherited)",
				);
				INFOPLIST_FILE = SearchTestTests/Info.plist;
				LD_RUNPATH_SEARCH_PATHS = "$(inherited) @executable_path/Frameworks @loader_path/Frameworks";
				PRODUCT_NAME = "$(TARGET_NAME)";
				TEST_HOST = "$(BUILT_PRODUCTS_DIR)/SearchTest.app/SearchTest";
			};
			name = Debug;
		};
		8D222A4F1CCCCBC800EE0B32 /* Release */ = {
			isa = XCBuildConfiguration;
			buildSettings = {
				BUNDLE_LOADER = "$(TEST_HOST)";
				FRAMEWORK_SEARCH_PATHS = (
					"$(SDKROOT)/Developer/Library/Frameworks",
					"$(inherited)",
				);
				INFOPLIST_FILE = SearchTestTests/Info.plist;
				LD_RUNPATH_SEARCH_PATHS = "$(inherited) @executable_path/Frameworks @loader_path/Frameworks";
				PRODUCT_NAME = "$(TARGET_NAME)";
				TEST_HOST = "$(BUILT_PRODUCTS_DIR)/SearchTest.app/SearchTest";
			};
			name = Release;
		};
/* End XCBuildConfiguration section */

/* Begin XCConfigurationList section */
		8D222A221CCCCBC700EE0B32 /* Build configuration list for PBXProject "SearchTest" */ = {
			isa = XCConfigurationList;
			buildConfigurations = (
				8D222A481CCCCBC800EE0B32 /* Debug */,
				8D222A491CCCCBC800EE0B32 /* Release */,
			);
			defaultConfigurationIsVisible = 0;
			defaultConfigurationName = Release;
		};
		8D222A4A1CCCCBC800EE0B32 /* Build configuration list for PBXNativeTarget "SearchTest" */ = {
			isa = XCConfigurationList;
			buildConfigurations = (
				8D222A4B1CCCCBC800EE0B32 /* Debug */,
				8D222A4C1CCCCBC800EE0B32 /* Release */,
			);
			defaultConfigurationIsVisible = 0;
		};
		8D222A4D1CCCCBC800EE0B32 /* Build configuration list for PBXNativeTarget "SearchTestTests" */ = {
			isa = XCConfigurationList;
			buildConfigurations = (
				8D222A4E1CCCCBC800EE0B32 /* Debug */,
				8D222A4F1CCCCBC800EE0B32 /* Release */,
			);
			defaultConfigurationIsVisible = 0;
		};
/* End XCConfigurationList section */
	};
	rootObject = 8D222A1F1CCCCBC700EE0B32 /* Project object */;
}
